// !$*UTF8*$!
{
	archiveVersion = 1;
	classes = {
	};
	objectVersion = 50;
	objects = {

/* Begin PBXBuildFile section */
		C12B3868234F405400D9ECBD /* AppDelegate.swift in Sources */ = {isa = PBXBuildFile; fileRef = C12B3867234F405400D9ECBD /* AppDelegate.swift */; };
		C12B386A234F405400D9ECBD /* SceneDelegate.swift in Sources */ = {isa = PBXBuildFile; fileRef = C12B3869234F405400D9ECBD /* SceneDelegate.swift */; };
		C12B3871234F405800D9ECBD /* Assets.xcassets in Resources */ = {isa = PBXBuildFile; fileRef = C12B3870234F405800D9ECBD /* Assets.xcassets */; };
		C12B3874234F405800D9ECBD /* LaunchScreen.storyboard in Resources */ = {isa = PBXBuildFile; fileRef = C12B3872234F405800D9ECBD /* LaunchScreen.storyboard */; };
		C12E2C8E2351F43600A61D66 /* TasksViewController+UITextField.swift in Sources */ = {isa = PBXBuildFile; fileRef = C12E2C8D2351F43600A61D66 /* TasksViewController+UITextField.swift */; };
		C19C9758234F40C2008DB93C /* Tasks.storyboard in Resources */ = {isa = PBXBuildFile; fileRef = C19C9757234F40C2008DB93C /* Tasks.storyboard */; };
		C19C975B234F40E1008DB93C /* TasksTableViewCell.swift in Sources */ = {isa = PBXBuildFile; fileRef = C19C9759234F40E1008DB93C /* TasksTableViewCell.swift */; };
		C19C975E234F40F3008DB93C /* TasksViewController.swift in Sources */ = {isa = PBXBuildFile; fileRef = C19C975D234F40F3008DB93C /* TasksViewController.swift */; };
		C19C9760234F4111008DB93C /* TasksViewController+UITableView.swift in Sources */ = {isa = PBXBuildFile; fileRef = C19C975F234F4111008DB93C /* TasksViewController+UITableView.swift */; };
		C19C9762234F4131008DB93C /* TasksViewModel.swift in Sources */ = {isa = PBXBuildFile; fileRef = C19C9761234F4131008DB93C /* TasksViewModel.swift */; };
		C19C9764234F4139008DB93C /* TasksModel.swift in Sources */ = {isa = PBXBuildFile; fileRef = C19C9763234F4139008DB93C /* TasksModel.swift */; };
		C19C976623500981008DB93C /* NotificationNames.swift in Sources */ = {isa = PBXBuildFile; fileRef = C19C976523500981008DB93C /* NotificationNames.swift */; };
/* End PBXBuildFile section */

/* Begin PBXFileReference section */
		C12B3864234F405400D9ECBD /* MVVM_Tasks.app */ = {isa = PBXFileReference; explicitFileType = wrapper.application; includeInIndex = 0; path = MVVM_Tasks.app; sourceTree = BUILT_PRODUCTS_DIR; };
		C12B3867234F405400D9ECBD /* AppDelegate.swift */ = {isa = PBXFileReference; lastKnownFileType = sourcecode.swift; path = AppDelegate.swift; sourceTree = "<group>"; };
		C12B3869234F405400D9ECBD /* SceneDelegate.swift */ = {isa = PBXFileReference; lastKnownFileType = sourcecode.swift; path = SceneDelegate.swift; sourceTree = "<group>"; };
		C12B3870234F405800D9ECBD /* Assets.xcassets */ = {isa = PBXFileReference; lastKnownFileType = folder.assetcatalog; path = Assets.xcassets; sourceTree = "<group>"; };
		C12B3873234F405800D9ECBD /* Base */ = {isa = PBXFileReference; lastKnownFileType = file.storyboard; name = Base; path = Base.lproj/LaunchScreen.storyboard; sourceTree = "<group>"; };
		C12B3875234F405800D9ECBD /* Info.plist */ = {isa = PBXFileReference; lastKnownFileType = text.plist.xml; path = Info.plist; sourceTree = "<group>"; };
		C12E2C8D2351F43600A61D66 /* TasksViewController+UITextField.swift */ = {isa = PBXFileReference; lastKnownFileType = sourcecode.swift; path = "TasksViewController+UITextField.swift"; sourceTree = "<group>"; };
		C19C9757234F40C2008DB93C /* Tasks.storyboard */ = {isa = PBXFileReference; lastKnownFileType = file.storyboard; path = Tasks.storyboard; sourceTree = "<group>"; };
		C19C9759234F40E1008DB93C /* TasksTableViewCell.swift */ = {isa = PBXFileReference; lastKnownFileType = sourcecode.swift; path = TasksTableViewCell.swift; sourceTree = "<group>"; };
		C19C975D234F40F3008DB93C /* TasksViewController.swift */ = {isa = PBXFileReference; lastKnownFileType = sourcecode.swift; path = TasksViewController.swift; sourceTree = "<group>"; };
		C19C975F234F4111008DB93C /* TasksViewController+UITableView.swift */ = {isa = PBXFileReference; lastKnownFileType = sourcecode.swift; path = "TasksViewController+UITableView.swift"; sourceTree = "<group>"; };
		C19C9761234F4131008DB93C /* TasksViewModel.swift */ = {isa = PBXFileReference; lastKnownFileType = sourcecode.swift; path = TasksViewModel.swift; sourceTree = "<group>"; };
		C19C9763234F4139008DB93C /* TasksModel.swift */ = {isa = PBXFileReference; lastKnownFileType = sourcecode.swift; path = TasksModel.swift; sourceTree = "<group>"; };
		C19C976523500981008DB93C /* NotificationNames.swift */ = {isa = PBXFileReference; lastKnownFileType = sourcecode.swift; path = NotificationNames.swift; sourceTree = "<group>"; };
/* End PBXFileReference section */

/* Begin PBXFrameworksBuildPhase section */
		C12B3861234F405400D9ECBD /* Frameworks */ = {
			isa = PBXFrameworksBuildPhase;
			buildActionMask = 2147483647;
			files = (
			);
			runOnlyForDeploymentPostprocessing = 0;
		};
/* End PBXFrameworksBuildPhase section */

/* Begin PBXGroup section */
		C12B385B234F405400D9ECBD = {
			isa = PBXGroup;
			children = (
				C12B3866234F405400D9ECBD /* MVVM_Tasks */,
				C12B3865234F405400D9ECBD /* Products */,
			);
			sourceTree = "<group>";
		};
		C12B3865234F405400D9ECBD /* Products */ = {
			isa = PBXGroup;
			children = (
				C12B3864234F405400D9ECBD /* MVVM_Tasks.app */,
			);
			name = Products;
			sourceTree = "<group>";
		};
		C12B3866234F405400D9ECBD /* MVVM_Tasks */ = {
			isa = PBXGroup;
			children = (
				C19C9756234F409F008DB93C /* Views */,
				C18DA75623500AEE00FB422C /* ViewModels */,
				C18DA75723500AF900FB422C /* Models */,
				C19C976523500981008DB93C /* NotificationNames.swift */,
				C12B3867234F405400D9ECBD /* AppDelegate.swift */,
				C12B3869234F405400D9ECBD /* SceneDelegate.swift */,
				C12B3870234F405800D9ECBD /* Assets.xcassets */,
				C12B3872234F405800D9ECBD /* LaunchScreen.storyboard */,
				C12B3875234F405800D9ECBD /* Info.plist */,
			);
			path = MVVM_Tasks;
			sourceTree = "<group>";
		};
		C18DA75623500AEE00FB422C /* ViewModels */ = {
			isa = PBXGroup;
			children = (
				C19C9761234F4131008DB93C /* TasksViewModel.swift */,
			);
			path = ViewModels;
			sourceTree = "<group>";
		};
		C18DA75723500AF900FB422C /* Models */ = {
			isa = PBXGroup;
			children = (
				C19C9763234F4139008DB93C /* TasksModel.swift */,
			);
			path = Models;
			sourceTree = "<group>";
		};
		C19C9755234F4091008DB93C /* Tasks */ = {
			isa = PBXGroup;
			children = (
				C19C9757234F40C2008DB93C /* Tasks.storyboard */,
				C19C975D234F40F3008DB93C /* TasksViewController.swift */,
				C19C9759234F40E1008DB93C /* TasksTableViewCell.swift */,
				C19C975F234F4111008DB93C /* TasksViewController+UITableView.swift */,
				C12E2C8D2351F43600A61D66 /* TasksViewController+UITextField.swift */,
			);
			path = Tasks;
			sourceTree = "<group>";
		};
		C19C9756234F409F008DB93C /* Views */ = {
			isa = PBXGroup;
			children = (
				C19C9755234F4091008DB93C /* Tasks */,
			);
			path = Views;
			sourceTree = "<group>";
		};
/* End PBXGroup section */

/* Begin PBXNativeTarget section */
		C12B3863234F405400D9ECBD /* MVVM_Tasks */ = {
			isa = PBXNativeTarget;
			buildConfigurationList = C12B3878234F405800D9ECBD /* Build configuration list for PBXNativeTarget "MVVM_Tasks" */;
			buildPhases = (
				C12B3860234F405400D9ECBD /* Sources */,
				C12B3861234F405400D9ECBD /* Frameworks */,
				C12B3862234F405400D9ECBD /* Resources */,
			);
			buildRules = (
			);
			dependencies = (
			);
			name = MVVM_Tasks;
			productName = MVVM_Tasks;
			productReference = C12B3864234F405400D9ECBD /* MVVM_Tasks.app */;
			productType = "com.apple.product-type.application";
		};
/* End PBXNativeTarget section */

/* Begin PBXProject section */
		C12B385C234F405400D9ECBD /* Project object */ = {
			isa = PBXProject;
			attributes = {
				LastSwiftUpdateCheck = 1110;
				LastUpgradeCheck = 1110;
				ORGANIZATIONNAME = "Ren Matsushita";
				TargetAttributes = {
					C12B3863234F405400D9ECBD = {
						CreatedOnToolsVersion = 11.1;
					};
				};
			};
			buildConfigurationList = C12B385F234F405400D9ECBD /* Build configuration list for PBXProject "MVVM_Tasks" */;
			compatibilityVersion = "Xcode 9.3";
			developmentRegion = en;
			hasScannedForEncodings = 0;
			knownRegions = (
				en,
				Base,
			);
			mainGroup = C12B385B234F405400D9ECBD;
			productRefGroup = C12B3865234F405400D9ECBD /* Products */;
			projectDirPath = "";
			projectRoot = "";
			targets = (
				C12B3863234F405400D9ECBD /* MVVM_Tasks */,
			);
		};
/* End PBXProject section */

/* Begin PBXResourcesBuildPhase section */
		C12B3862234F405400D9ECBD /* Resources */ = {
			isa = PBXResourcesBuildPhase;
			buildActionMask = 2147483647;
			files = (
				C19C9758234F40C2008DB93C /* Tasks.storyboard in Resources */,
				C12B3874234F405800D9ECBD /* LaunchScreen.storyboard in Resources */,
				C12B3871234F405800D9ECBD /* Assets.xcassets in Resources */,
			);
			runOnlyForDeploymentPostprocessing = 0;
		};
/* End PBXResourcesBuildPhase section */

/* Begin PBXSourcesBuildPhase section */
		C12B3860234F405400D9ECBD /* Sources */ = {
			isa = PBXSourcesBuildPhase;
			buildActionMask = 2147483647;
			files = (
				C19C975B234F40E1008DB93C /* TasksTableViewCell.swift in Sources */,
				C19C9762234F4131008DB93C /* TasksViewModel.swift in Sources */,
				C12E2C8E2351F43600A61D66 /* TasksViewController+UITextField.swift in Sources */,
				C19C9760234F4111008DB93C /* TasksViewController+UITableView.swift in Sources */,
				C19C975E234F40F3008DB93C /* TasksViewController.swift in Sources */,
				C19C9764234F4139008DB93C /* TasksModel.swift in Sources */,
				C19C976623500981008DB93C /* NotificationNames.swift in Sources */,
				C12B3868234F405400D9ECBD /* AppDelegate.swift in Sources */,
				C12B386A234F405400D9ECBD /* SceneDelegate.swift in Sources */,
			);
			runOnlyForDeploymentPostprocessing = 0;
		};
/* End PBXSourcesBuildPhase section */

/* Begin PBXVariantGroup section */
		C12B3872234F405800D9ECBD /* LaunchScreen.storyboard */ = {
			isa = PBXVariantGroup;
			children = (
				C12B3873234F405800D9ECBD /* Base */,
			);
			name = LaunchScreen.storyboard;
			sourceTree = "<group>";
		};
/* End PBXVariantGroup section */

/* Begin XCBuildConfiguration section */
		C12B3876234F405800D9ECBD /* Debug */ = {
			isa = XCBuildConfiguration;
			buildSettings = {
				ALWAYS_SEARCH_USER_PATHS = NO;
				CLANG_ANALYZER_NONNULL = YES;
				CLANG_ANALYZER_NUMBER_OBJECT_CONVERSION = YES_AGGRESSIVE;
				CLANG_CXX_LANGUAGE_STANDARD = "gnu++14";
				CLANG_CXX_LIBRARY = "libc++";
				CLANG_ENABLE_MODULES = YES;
				CLANG_ENABLE_OBJC_ARC = YES;
				CLANG_ENABLE_OBJC_WEAK = YES;
				CLANG_WARN_BLOCK_CAPTURE_AUTORELEASING = YES;
				CLANG_WARN_BOOL_CONVERSION = YES;
				CLANG_WARN_COMMA = YES;
				CLANG_WARN_CONSTANT_CONVERSION = YES;
				CLANG_WARN_DEPRECATED_OBJC_IMPLEMENTATIONS = YES;
				CLANG_WARN_DIRECT_OBJC_ISA_USAGE = YES_ERROR;
				CLANG_WARN_DOCUMENTATION_COMMENTS = YES;
				CLANG_WARN_EMPTY_BODY = YES;
				CLANG_WARN_ENUM_CONVERSION = YES;
				CLANG_WARN_INFINITE_RECURSION = YES;
				CLANG_WARN_INT_CONVERSION = YES;
				CLANG_WARN_NON_LITERAL_NULL_CONVERSION = YES;
				CLANG_WARN_OBJC_IMPLICIT_RETAIN_SELF = YES;
				CLANG_WARN_OBJC_LITERAL_CONVERSION = YES;
				CLANG_WARN_OBJC_ROOT_CLASS = YES_ERROR;
				CLANG_WARN_RANGE_LOOP_ANALYSIS = YES;
				CLANG_WARN_STRICT_PROTOTYPES = YES;
				CLANG_WARN_SUSPICIOUS_MOVE = YES;
				CLANG_WARN_UNGUARDED_AVAILABILITY = YES_AGGRESSIVE;
				CLANG_WARN_UNREACHABLE_CODE = YES;
				CLANG_WARN__DUPLICATE_METHOD_MATCH = YES;
				COPY_PHASE_STRIP = NO;
				DEBUG_INFORMATION_FORMAT = dwarf;
				ENABLE_STRICT_OBJC_MSGSEND = YES;
				ENABLE_TESTABILITY = YES;
				GCC_C_LANGUAGE_STANDARD = gnu11;
				GCC_DYNAMIC_NO_PIC = NO;
				GCC_NO_COMMON_BLOCKS = YES;
				GCC_OPTIMIZATION_LEVEL = 0;
				GCC_PREPROCESSOR_DEFINITIONS = (
					"DEBUG=1",
					"$(inherited)",
				);
				GCC_WARN_64_TO_32_BIT_CONVERSION = YES;
				GCC_WARN_ABOUT_RETURN_TYPE = YES_ERROR;
				GCC_WARN_UNDECLARED_SELECTOR = YES;
				GCC_WARN_UNINITIALIZED_AUTOS = YES_AGGRESSIVE;
				GCC_WARN_UNUSED_FUNCTION = YES;
				GCC_WARN_UNUSED_VARIABLE = YES;
				IPHONEOS_DEPLOYMENT_TARGET = 13.1;
				MTL_ENABLE_DEBUG_INFO = INCLUDE_SOURCE;
				MTL_FAST_MATH = YES;
				ONLY_ACTIVE_ARCH = YES;
				SDKROOT = iphoneos;
				SWIFT_ACTIVE_COMPILATION_CONDITIONS = DEBUG;
				SWIFT_OPTIMIZATION_LEVEL = "-Onone";
			};
			name = Debug;
		};
		C12B3877234F405800D9ECBD /* Release */ = {
			isa = XCBuildConfiguration;
			buildSettings = {
				ALWAYS_SEARCH_USER_PATHS = NO;
				CLANG_ANALYZER_NONNULL = YES;
				CLANG_ANALYZER_NUMBER_OBJECT_CONVERSION = YES_AGGRESSIVE;
				CLANG_CXX_LANGUAGE_STANDARD = "gnu++14";
				CLANG_CXX_LIBRARY = "libc++";
				CLANG_ENABLE_MODULES = YES;
				CLANG_ENABLE_OBJC_ARC = YES;
				CLANG_ENABLE_OBJC_WEAK = YES;
				CLANG_WARN_BLOCK_CAPTURE_AUTORELEASING = YES;
				CLANG_WARN_BOOL_CONVERSION = YES;
				CLANG_WARN_COMMA = YES;
				CLANG_WARN_CONSTANT_CONVERSION = YES;
				CLANG_WARN_DEPRECATED_OBJC_IMPLEMENTATIONS = YES;
				CLANG_WARN_DIRECT_OBJC_ISA_USAGE = YES_ERROR;
				CLANG_WARN_DOCUMENTATION_COMMENTS = YES;
				CLANG_WARN_EMPTY_BODY = YES;
				CLANG_WARN_ENUM_CONVERSION = YES;
				CLANG_WARN_INFINITE_RECURSION = YES;
				CLANG_WARN_INT_CONVERSION = YES;
				CLANG_WARN_NON_LITERAL_NULL_CONVERSION = YES;
				CLANG_WARN_OBJC_IMPLICIT_RETAIN_SELF = YES;
				CLANG_WARN_OBJC_LITERAL_CONVERSION = YES;
				CLANG_WARN_OBJC_ROOT_CLASS = YES_ERROR;
				CLANG_WARN_RANGE_LOOP_ANALYSIS = YES;
				CLANG_WARN_STRICT_PROTOTYPES = YES;
				CLANG_WARN_SUSPICIOUS_MOVE = YES;
				CLANG_WARN_UNGUARDED_AVAILABILITY = YES_AGGRESSIVE;
				CLANG_WARN_UNREACHABLE_CODE = YES;
				CLANG_WARN__DUPLICATE_METHOD_MATCH = YES;
				COPY_PHASE_STRIP = NO;
				DEBUG_INFORMATION_FORMAT = "dwarf-with-dsym";
				ENABLE_NS_ASSERTIONS = NO;
				ENABLE_STRICT_OBJC_MSGSEND = YES;
				GCC_C_LANGUAGE_STANDARD = gnu11;
				GCC_NO_COMMON_BLOCKS = YES;
				GCC_WARN_64_TO_32_BIT_CONVERSION = YES;
				GCC_WARN_ABOUT_RETURN_TYPE = YES_ERROR;
				GCC_WARN_UNDECLARED_SELECTOR = YES;
				GCC_WARN_UNINITIALIZED_AUTOS = YES_AGGRESSIVE;
				GCC_WARN_UNUSED_FUNCTION = YES;
				GCC_WARN_UNUSED_VARIABLE = YES;
				IPHONEOS_DEPLOYMENT_TARGET = 13.1;
				MTL_ENABLE_DEBUG_INFO = NO;
				MTL_FAST_MATH = YES;
				SDKROOT = iphoneos;
				SWIFT_COMPILATION_MODE = wholemodule;
				SWIFT_OPTIMIZATION_LEVEL = "-O";
				VALIDATE_PRODUCT = YES;
			};
			name = Release;
		};
		C12B3879234F405800D9ECBD /* Debug */ = {
			isa = XCBuildConfiguration;
			buildSettings = {
				ASSETCATALOG_COMPILER_APPICON_NAME = AppIcon;
				CODE_SIGN_STYLE = Automatic;
				DEVELOPMENT_TEAM = K3WSFBFNGQ;
				INFOPLIST_FILE = MVVM_Tasks/Info.plist;
				LD_RUNPATH_SEARCH_PATHS = (
					"$(inherited)",
					"@executable_path/Frameworks",
				);
				PRODUCT_BUNDLE_IDENTIFIER = "com.renren.MVVM-Tasks";
				PRODUCT_NAME = "$(TARGET_NAME)";
				SWIFT_VERSION = 5.0;
				TARGETED_DEVICE_FAMILY = "1,2";
			};
			name = Debug;
		};
		C12B387A234F405800D9ECBD /* Release */ = {
			isa = XCBuildConfiguration;
			buildSettings = {
				ASSETCATALOG_COMPILER_APPICON_NAME = AppIcon;
				CODE_SIGN_STYLE = Automatic;
				DEVELOPMENT_TEAM = K3WSFBFNGQ;
				INFOPLIST_FILE = MVVM_Tasks/Info.plist;
				LD_RUNPATH_SEARCH_PATHS = (
					"$(inherited)",
					"@executable_path/Frameworks",
				);
				PRODUCT_BUNDLE_IDENTIFIER = "com.renren.MVVM-Tasks";
				PRODUCT_NAME = "$(TARGET_NAME)";
				SWIFT_VERSION = 5.0;
				TARGETED_DEVICE_FAMILY = "1,2";
			};
			name = Release;
		};
/* End XCBuildConfiguration section */

/* Begin XCConfigurationList section */
		C12B385F234F405400D9ECBD /* Build configuration list for PBXProject "MVVM_Tasks" */ = {
			isa = XCConfigurationList;
			buildConfigurations = (
				C12B3876234F405800D9ECBD /* Debug */,
				C12B3877234F405800D9ECBD /* Release */,
			);
			defaultConfigurationIsVisible = 0;
			defaultConfigurationName = Release;
		};
		C12B3878234F405800D9ECBD /* Build configuration list for PBXNativeTarget "MVVM_Tasks" */ = {
			isa = XCConfigurationList;
			buildConfigurations = (
				C12B3879234F405800D9ECBD /* Debug */,
				C12B387A234F405800D9ECBD /* Release */,
			);
			defaultConfigurationIsVisible = 0;
			defaultConfigurationName = Release;
		};
/* End XCConfigurationList section */
	};
	rootObject = C12B385C234F405400D9ECBD /* Project object */;
}
